
Microsoft Visual Studio Solution File, Format Version 11.00
# Visual Studio 2010
Project("{2857B73E-F847-4B02-9238-064979017E93}") = "HelloWorld", "HelloWorld\HelloWorld.cproj", "{18E76C9A-AD0D-469F-AE4D-15F296D76642}"
EndProject
Global
	GlobalSection(SolutionConfigurationPlatforms) = preSolution
		Debug|Any CPU = Debug|Any CPU
		Release|Any CPU = Release|Any CPU
	EndGlobalSection
	GlobalSection(ProjectConfigurationPlatforms) = postSolution
		{18E76C9A-AD0D-469F-AE4D-15F296D76642}.Debug|Any CPU.ActiveCfg = Debug|Any CPU
		{18E76C9A-AD0D-469F-AE4D-15F296D76642}.Debug|Any CPU.Build.0 = Debug|Any CPU
		{18E76C9A-AD0D-469F-AE4D-15F296D76642}.Release|Any CPU.ActiveCfg = Release|Any CPU
		{18E76C9A-AD0D-469F-AE4D-15F296D76642}.Release|Any CPU.Build.0 = Release|Any CPU
	EndGlobalSection
	GlobalSection(MonoDevelopProperties) = preSolution
		StartupItem = HelloWorld\HelloWorld.cproj
	EndGlobalSection
EndGlobal
