
Microsoft Visual Studio Solution File, Format Version 11.00
# Visual Studio 2010
Project("{2857B73E-F847-4B02-9238-064979017E93}") = "Test1", "Test1\Test1.cproj", "{EBB34150-6376-436F-A8CB-94EE1CBB4981}"
EndProject
Global
	GlobalSection(SolutionConfigurationPlatforms) = preSolution
		Debug|Any CPU = Debug|Any CPU
		Release|Any CPU = Release|Any CPU
	EndGlobalSection
	GlobalSection(ProjectConfigurationPlatforms) = postSolution
		{EBB34150-6376-436F-A8CB-94EE1CBB4981}.Debug|Any CPU.ActiveCfg = Debug|Any CPU
		{EBB34150-6376-436F-A8CB-94EE1CBB4981}.Debug|Any CPU.Build.0 = Debug|Any CPU
		{EBB34150-6376-436F-A8CB-94EE1CBB4981}.Release|Any CPU.ActiveCfg = Release|Any CPU
		{EBB34150-6376-436F-A8CB-94EE1CBB4981}.Release|Any CPU.Build.0 = Release|Any CPU
	EndGlobalSection
	GlobalSection(MonoDevelopProperties) = preSolution
		StartupItem = Test1\Test1.cproj
	EndGlobalSection
EndGlobal
